// !$*UTF8*$!
{
	archiveVersion = 1;
	classes = {
	};
	objectVersion = 56;
	objects = {

/* Begin PBXBuildFile section */
		73AFF1772C909EE600BAD505 /* AppDelegate.swift in Sources */ = {isa = PBXBuildFile; fileRef = 73AFF1762C909EE600BAD505 /* AppDelegate.swift */; };
		73AFF1792C909EE600BAD505 /* SceneDelegate.swift in Sources */ = {isa = PBXBuildFile; fileRef = 73AFF1782C909EE600BAD505 /* SceneDelegate.swift */; };
		73AFF17B2C909EE600BAD505 /* ItemViewController.swift in Sources */ = {isa = PBXBuildFile; fileRef = 73AFF17A2C909EE600BAD505 /* ItemViewController.swift */; };
		73AFF17E2C909EE600BAD505 /* Base in Resources */ = {isa = PBXBuildFile; fileRef = 73AFF17D2C909EE600BAD505 /* Base */; };
		73AFF1802C909EE800BAD505 /* Assets.xcassets in Resources */ = {isa = PBXBuildFile; fileRef = 73AFF17F2C909EE800BAD505 /* Assets.xcassets */; };
		73AFF1832C909EE800BAD505 /* Base in Resources */ = {isa = PBXBuildFile; fileRef = 73AFF1822C909EE800BAD505 /* Base */; };
		73AFF18E2C90A00200BAD505 /* RealmSwift in Frameworks */ = {isa = PBXBuildFile; productRef = 73AFF18D2C90A00200BAD505 /* RealmSwift */; };
		73AFF1902C90A1E200BAD505 /* ShoppingItem.swift in Sources */ = {isa = PBXBuildFile; fileRef = 73AFF18F2C90A1E200BAD505 /* ShoppingItem.swift */; };
		73AFF1932C90A39800BAD505 /* ItemTableViewCell.xib in Resources */ = {isa = PBXBuildFile; fileRef = 73AFF1922C90A39800BAD505 /* ItemTableViewCell.xib */; };
		73AFF1942C90A39800BAD505 /* ItemTableViewCell.swift in Sources */ = {isa = PBXBuildFile; fileRef = 73AFF1912C90A39800BAD505 /* ItemTableViewCell.swift */; };
		73AFF1952C90AC9400BAD505 /* RealmSwift in Embed Frameworks */ = {isa = PBXBuildFile; productRef = 73AFF18D2C90A00200BAD505 /* RealmSwift */; settings = {ATTRIBUTES = (CodeSignOnCopy, ); }; };
		73AFF1982C90ADD700BAD505 /* NewItemViewController.swift in Sources */ = {isa = PBXBuildFile; fileRef = 73AFF1972C90ADD700BAD505 /* NewItemViewController.swift */; };
		73AFF1C92C91AC3C00BAD505 /* Category.swift in Sources */ = {isa = PBXBuildFile; fileRef = 73AFF1C82C91AC3C00BAD505 /* Category.swift */; };
		73AFF1CB2C91B12F00BAD505 /* CategoryViewController.swift in Sources */ = {isa = PBXBuildFile; fileRef = 73AFF1CA2C91B12F00BAD505 /* CategoryViewController.swift */; };
		73AFF1CD2C91BB9500BAD505 /* NewCategoryViewController.swift in Sources */ = {isa = PBXBuildFile; fileRef = 73AFF1CC2C91BB9500BAD505 /* NewCategoryViewController.swift */; };
/* End PBXBuildFile section */

/* Begin PBXCopyFilesBuildPhase section */
		73AFF1962C90AC9400BAD505 /* Embed Frameworks */ = {
			isa = PBXCopyFilesBuildPhase;
			buildActionMask = 2147483647;
			dstPath = "";
			dstSubfolderSpec = 10;
			files = (
				73AFF1952C90AC9400BAD505 /* RealmSwift in Embed Frameworks */,
			);
			name = "Embed Frameworks";
			runOnlyForDeploymentPostprocessing = 0;
		};
/* End PBXCopyFilesBuildPhase section */

/* Begin PBXFileReference section */
		73AFF1732C909EE600BAD505 /* RealmKakeibo.app */ = {isa = PBXFileReference; explicitFileType = wrapper.application; includeInIndex = 0; path = RealmKakeibo.app; sourceTree = BUILT_PRODUCTS_DIR; };
		73AFF1762C909EE600BAD505 /* AppDelegate.swift */ = {isa = PBXFileReference; lastKnownFileType = sourcecode.swift; path = AppDelegate.swift; sourceTree = "<group>"; };
		73AFF1782C909EE600BAD505 /* SceneDelegate.swift */ = {isa = PBXFileReference; lastKnownFileType = sourcecode.swift; path = SceneDelegate.swift; sourceTree = "<group>"; };
		73AFF17A2C909EE600BAD505 /* ItemViewController.swift */ = {isa = PBXFileReference; lastKnownFileType = sourcecode.swift; path = ItemViewController.swift; sourceTree = "<group>"; };
		73AFF17D2C909EE600BAD505 /* Base */ = {isa = PBXFileReference; lastKnownFileType = file.storyboard; name = Base; path = Base.lproj/Main.storyboard; sourceTree = "<group>"; };
		73AFF17F2C909EE800BAD505 /* Assets.xcassets */ = {isa = PBXFileReference; lastKnownFileType = folder.assetcatalog; path = Assets.xcassets; sourceTree = "<group>"; };
		73AFF1822C909EE800BAD505 /* Base */ = {isa = PBXFileReference; lastKnownFileType = file.storyboard; name = Base; path = Base.lproj/LaunchScreen.storyboard; sourceTree = "<group>"; };
		73AFF1842C909EE800BAD505 /* Info.plist */ = {isa = PBXFileReference; lastKnownFileType = text.plist.xml; path = Info.plist; sourceTree = "<group>"; };
		73AFF18F2C90A1E200BAD505 /* ShoppingItem.swift */ = {isa = PBXFileReference; lastKnownFileType = sourcecode.swift; path = ShoppingItem.swift; sourceTree = "<group>"; };
		73AFF1912C90A39800BAD505 /* ItemTableViewCell.swift */ = {isa = PBXFileReference; lastKnownFileType = sourcecode.swift; path = ItemTableViewCell.swift; sourceTree = "<group>"; };
		73AFF1922C90A39800BAD505 /* ItemTableViewCell.xib */ = {isa = PBXFileReference; lastKnownFileType = file.xib; path = ItemTableViewCell.xib; sourceTree = "<group>"; };
		73AFF1972C90ADD700BAD505 /* NewItemViewController.swift */ = {isa = PBXFileReference; lastKnownFileType = sourcecode.swift; path = NewItemViewController.swift; sourceTree = "<group>"; };
		73AFF1C82C91AC3C00BAD505 /* Category.swift */ = {isa = PBXFileReference; lastKnownFileType = sourcecode.swift; path = Category.swift; sourceTree = "<group>"; };
		73AFF1CA2C91B12F00BAD505 /* CategoryViewController.swift */ = {isa = PBXFileReference; lastKnownFileType = sourcecode.swift; path = CategoryViewController.swift; sourceTree = "<group>"; };
		73AFF1CC2C91BB9500BAD505 /* NewCategoryViewController.swift */ = {isa = PBXFileReference; lastKnownFileType = sourcecode.swift; path = NewCategoryViewController.swift; sourceTree = "<group>"; };
/* End PBXFileReference section */

/* Begin PBXFrameworksBuildPhase section */
		73AFF1702C909EE500BAD505 /* Frameworks */ = {
			isa = PBXFrameworksBuildPhase;
			buildActionMask = 2147483647;
			files = (
				73AFF18E2C90A00200BAD505 /* RealmSwift in Frameworks */,
			);
			runOnlyForDeploymentPostprocessing = 0;
		};
/* End PBXFrameworksBuildPhase section */

/* Begin PBXGroup section */
		73AFF16A2C909EE500BAD505 = {
			isa = PBXGroup;
			children = (
				73AFF1752C909EE600BAD505 /* RealmKakeibo */,
				73AFF1742C909EE600BAD505 /* Products */,
			);
			sourceTree = "<group>";
		};
		73AFF1742C909EE600BAD505 /* Products */ = {
			isa = PBXGroup;
			children = (
				73AFF1732C909EE600BAD505 /* RealmKakeibo.app */,
			);
			name = Products;
			sourceTree = "<group>";
		};
		73AFF1752C909EE600BAD505 /* RealmKakeibo */ = {
			isa = PBXGroup;
			children = (
				73AFF1762C909EE600BAD505 /* AppDelegate.swift */,
				73AFF1782C909EE600BAD505 /* SceneDelegate.swift */,
				73AFF17A2C909EE600BAD505 /* ItemViewController.swift */,
				73AFF17C2C909EE600BAD505 /* Main.storyboard */,
				73AFF17F2C909EE800BAD505 /* Assets.xcassets */,
				73AFF1812C909EE800BAD505 /* LaunchScreen.storyboard */,
				73AFF1842C909EE800BAD505 /* Info.plist */,
				73AFF18F2C90A1E200BAD505 /* ShoppingItem.swift */,
				73AFF1912C90A39800BAD505 /* ItemTableViewCell.swift */,
				73AFF1922C90A39800BAD505 /* ItemTableViewCell.xib */,
				73AFF1972C90ADD700BAD505 /* NewItemViewController.swift */,
				73AFF1C82C91AC3C00BAD505 /* Category.swift */,
				73AFF1CA2C91B12F00BAD505 /* CategoryViewController.swift */,
				73AFF1CC2C91BB9500BAD505 /* NewCategoryViewController.swift */,
			);
			path = RealmKakeibo;
			sourceTree = "<group>";
		};
/* End PBXGroup section */

/* Begin PBXNativeTarget section */
		73AFF1722C909EE500BAD505 /* RealmKakeibo */ = {
			isa = PBXNativeTarget;
			buildConfigurationList = 73AFF1872C909EE800BAD505 /* Build configuration list for PBXNativeTarget "RealmKakeibo" */;
			buildPhases = (
				73AFF16F2C909EE500BAD505 /* Sources */,
				73AFF1702C909EE500BAD505 /* Frameworks */,
				73AFF1712C909EE500BAD505 /* Resources */,
				73AFF1962C90AC9400BAD505 /* Embed Frameworks */,
			);
			buildRules = (
			);
			dependencies = (
			);
			name = RealmKakeibo;
			packageProductDependencies = (
				73AFF18D2C90A00200BAD505 /* RealmSwift */,
			);
			productName = RealmKakeibo;
			productReference = 73AFF1732C909EE600BAD505 /* RealmKakeibo.app */;
			productType = "com.apple.product-type.application";
		};
/* End PBXNativeTarget section */

/* Begin PBXProject section */
		73AFF16B2C909EE500BAD505 /* Project object */ = {
			isa = PBXProject;
			attributes = {
				BuildIndependentTargetsInParallel = 1;
				LastSwiftUpdateCheck = 1530;
				LastUpgradeCheck = 1530;
				TargetAttributes = {
					73AFF1722C909EE500BAD505 = {
						CreatedOnToolsVersion = 15.3;
					};
				};
			};
			buildConfigurationList = 73AFF16E2C909EE500BAD505 /* Build configuration list for PBXProject "RealmKakeibo" */;
			compatibilityVersion = "Xcode 14.0";
			developmentRegion = en;
			hasScannedForEncodings = 0;
			knownRegions = (
				en,
				Base,
			);
			mainGroup = 73AFF16A2C909EE500BAD505;
			packageReferences = (
				73AFF18A2C90A00200BAD505 /* XCRemoteSwiftPackageReference "realm-swift" */,
			);
			productRefGroup = 73AFF1742C909EE600BAD505 /* Products */;
			projectDirPath = "";
			projectRoot = "";
			targets = (
				73AFF1722C909EE500BAD505 /* RealmKakeibo */,
			);
		};
/* End PBXProject section */

/* Begin PBXResourcesBuildPhase section */
		73AFF1712C909EE500BAD505 /* Resources */ = {
			isa = PBXResourcesBuildPhase;
			buildActionMask = 2147483647;
			files = (
				73AFF1932C90A39800BAD505 /* ItemTableViewCell.xib in Resources */,
				73AFF1802C909EE800BAD505 /* Assets.xcassets in Resources */,
				73AFF1832C909EE800BAD505 /* Base in Resources */,
				73AFF17E2C909EE600BAD505 /* Base in Resources */,
			);
			runOnlyForDeploymentPostprocessing = 0;
		};
/* End PBXResourcesBuildPhase section */

/* Begin PBXSourcesBuildPhase section */
		73AFF16F2C909EE500BAD505 /* Sources */ = {
			isa = PBXSourcesBuildPhase;
			buildActionMask = 2147483647;
			files = (
				73AFF1902C90A1E200BAD505 /* ShoppingItem.swift in Sources */,
				73AFF1CD2C91BB9500BAD505 /* NewCategoryViewController.swift in Sources */,
				73AFF17B2C909EE600BAD505 /* ItemViewController.swift in Sources */,
				73AFF1982C90ADD700BAD505 /* NewItemViewController.swift in Sources */,
				73AFF1942C90A39800BAD505 /* ItemTableViewCell.swift in Sources */,
				73AFF1CB2C91B12F00BAD505 /* CategoryViewController.swift in Sources */,
				73AFF1772C909EE600BAD505 /* AppDelegate.swift in Sources */,
				73AFF1792C909EE600BAD505 /* SceneDelegate.swift in Sources */,
				73AFF1C92C91AC3C00BAD505 /* Category.swift in Sources */,
			);
			runOnlyForDeploymentPostprocessing = 0;
		};
/* End PBXSourcesBuildPhase section */

/* Begin PBXVariantGroup section */
		73AFF17C2C909EE600BAD505 /* Main.storyboard */ = {
			isa = PBXVariantGroup;
			children = (
				73AFF17D2C909EE600BAD505 /* Base */,
			);
			name = Main.storyboard;
			sourceTree = "<group>";
		};
		73AFF1812C909EE800BAD505 /* LaunchScreen.storyboard */ = {
			isa = PBXVariantGroup;
			children = (
				73AFF1822C909EE800BAD505 /* Base */,
			);
			name = LaunchScreen.storyboard;
			sourceTree = "<group>";
		};
/* End PBXVariantGroup section */

/* Begin XCBuildConfiguration section */
		73AFF1852C909EE800BAD505 /* Debug */ = {
			isa = XCBuildConfiguration;
			buildSettings = {
				ALWAYS_SEARCH_USER_PATHS = NO;
				ASSETCATALOG_COMPILER_GENERATE_SWIFT_ASSET_SYMBOL_EXTENSIONS = YES;
				CLANG_ANALYZER_NONNULL = YES;
				CLANG_ANALYZER_NUMBER_OBJECT_CONVERSION = YES_AGGRESSIVE;
				CLANG_CXX_LANGUAGE_STANDARD = "gnu++20";
				CLANG_ENABLE_MODULES = YES;
				CLANG_ENABLE_OBJC_ARC = YES;
				CLANG_ENABLE_OBJC_WEAK = YES;
				CLANG_WARN_BLOCK_CAPTURE_AUTORELEASING = YES;
				CLANG_WARN_BOOL_CONVERSION = YES;
				CLANG_WARN_COMMA = YES;
				CLANG_WARN_CONSTANT_CONVERSION = YES;
				CLANG_WARN_DEPRECATED_OBJC_IMPLEMENTATIONS = YES;
				CLANG_WARN_DIRECT_OBJC_ISA_USAGE = YES_ERROR;
				CLANG_WARN_DOCUMENTATION_COMMENTS = YES;
				CLANG_WARN_EMPTY_BODY = YES;
				CLANG_WARN_ENUM_CONVERSION = YES;
				CLANG_WARN_INFINITE_RECURSION = YES;
				CLANG_WARN_INT_CONVERSION = YES;
				CLANG_WARN_NON_LITERAL_NULL_CONVERSION = YES;
				CLANG_WARN_OBJC_IMPLICIT_RETAIN_SELF = YES;
				CLANG_WARN_OBJC_LITERAL_CONVERSION = YES;
				CLANG_WARN_OBJC_ROOT_CLASS = YES_ERROR;
				CLANG_WARN_QUOTED_INCLUDE_IN_FRAMEWORK_HEADER = YES;
				CLANG_WARN_RANGE_LOOP_ANALYSIS = YES;
				CLANG_WARN_STRICT_PROTOTYPES = YES;
				CLANG_WARN_SUSPICIOUS_MOVE = YES;
				CLANG_WARN_UNGUARDED_AVAILABILITY = YES_AGGRESSIVE;
				CLANG_WARN_UNREACHABLE_CODE = YES;
				CLANG_WARN__DUPLICATE_METHOD_MATCH = YES;
				COPY_PHASE_STRIP = NO;
				DEBUG_INFORMATION_FORMAT = dwarf;
				ENABLE_STRICT_OBJC_MSGSEND = YES;
				ENABLE_TESTABILITY = YES;
				ENABLE_USER_SCRIPT_SANDBOXING = YES;
				GCC_C_LANGUAGE_STANDARD = gnu17;
				GCC_DYNAMIC_NO_PIC = NO;
				GCC_NO_COMMON_BLOCKS = YES;
				GCC_OPTIMIZATION_LEVEL = 0;
				GCC_PREPROCESSOR_DEFINITIONS = (
					"DEBUG=1",
					"$(inherited)",
				);
				GCC_WARN_64_TO_32_BIT_CONVERSION = YES;
				GCC_WARN_ABOUT_RETURN_TYPE = YES_ERROR;
				GCC_WARN_UNDECLARED_SELECTOR = YES;
				GCC_WARN_UNINITIALIZED_AUTOS = YES_AGGRESSIVE;
				GCC_WARN_UNUSED_FUNCTION = YES;
				GCC_WARN_UNUSED_VARIABLE = YES;
				IPHONEOS_DEPLOYMENT_TARGET = 17.4;
				LOCALIZATION_PREFERS_STRING_CATALOGS = YES;
				MTL_ENABLE_DEBUG_INFO = INCLUDE_SOURCE;
				MTL_FAST_MATH = YES;
				ONLY_ACTIVE_ARCH = YES;
				SDKROOT = iphoneos;
				SWIFT_ACTIVE_COMPILATION_CONDITIONS = "DEBUG $(inherited)";
				SWIFT_OPTIMIZATION_LEVEL = "-Onone";
			};
			name = Debug;
		};
		73AFF1862C909EE800BAD505 /* Release */ = {
			isa = XCBuildConfiguration;
			buildSettings = {
				ALWAYS_SEARCH_USER_PATHS = NO;
				ASSETCATALOG_COMPILER_GENERATE_SWIFT_ASSET_SYMBOL_EXTENSIONS = YES;
				CLANG_ANALYZER_NONNULL = YES;
				CLANG_ANALYZER_NUMBER_OBJECT_CONVERSION = YES_AGGRESSIVE;
				CLANG_CXX_LANGUAGE_STANDARD = "gnu++20";
				CLANG_ENABLE_MODULES = YES;
				CLANG_ENABLE_OBJC_ARC = YES;
				CLANG_ENABLE_OBJC_WEAK = YES;
				CLANG_WARN_BLOCK_CAPTURE_AUTORELEASING = YES;
				CLANG_WARN_BOOL_CONVERSION = YES;
				CLANG_WARN_COMMA = YES;
				CLANG_WARN_CONSTANT_CONVERSION = YES;
				CLANG_WARN_DEPRECATED_OBJC_IMPLEMENTATIONS = YES;
				CLANG_WARN_DIRECT_OBJC_ISA_USAGE = YES_ERROR;
				CLANG_WARN_DOCUMENTATION_COMMENTS = YES;
				CLANG_WARN_EMPTY_BODY = YES;
				CLANG_WARN_ENUM_CONVERSION = YES;
				CLANG_WARN_INFINITE_RECURSION = YES;
				CLANG_WARN_INT_CONVERSION = YES;
				CLANG_WARN_NON_LITERAL_NULL_CONVERSION = YES;
				CLANG_WARN_OBJC_IMPLICIT_RETAIN_SELF = YES;
				CLANG_WARN_OBJC_LITERAL_CONVERSION = YES;
				CLANG_WARN_OBJC_ROOT_CLASS = YES_ERROR;
				CLANG_WARN_QUOTED_INCLUDE_IN_FRAMEWORK_HEADER = YES;
				CLANG_WARN_RANGE_LOOP_ANALYSIS = YES;
				CLANG_WARN_STRICT_PROTOTYPES = YES;
				CLANG_WARN_SUSPICIOUS_MOVE = YES;
				CLANG_WARN_UNGUARDED_AVAILABILITY = YES_AGGRESSIVE;
				CLANG_WARN_UNREACHABLE_CODE = YES;
				CLANG_WARN__DUPLICATE_METHOD_MATCH = YES;
				COPY_PHASE_STRIP = NO;
				DEBUG_INFORMATION_FORMAT = "dwarf-with-dsym";
				ENABLE_NS_ASSERTIONS = NO;
				ENABLE_STRICT_OBJC_MSGSEND = YES;
				ENABLE_USER_SCRIPT_SANDBOXING = YES;
				GCC_C_LANGUAGE_STANDARD = gnu17;
				GCC_NO_COMMON_BLOCKS = YES;
				GCC_WARN_64_TO_32_BIT_CONVERSION = YES;
				GCC_WARN_ABOUT_RETURN_TYPE = YES_ERROR;
				GCC_WARN_UNDECLARED_SELECTOR = YES;
				GCC_WARN_UNINITIALIZED_AUTOS = YES_AGGRESSIVE;
				GCC_WARN_UNUSED_FUNCTION = YES;
				GCC_WARN_UNUSED_VARIABLE = YES;
				IPHONEOS_DEPLOYMENT_TARGET = 17.4;
				LOCALIZATION_PREFERS_STRING_CATALOGS = YES;
				MTL_ENABLE_DEBUG_INFO = NO;
				MTL_FAST_MATH = YES;
				SDKROOT = iphoneos;
				SWIFT_COMPILATION_MODE = wholemodule;
				VALIDATE_PRODUCT = YES;
			};
			name = Release;
		};
		73AFF1882C909EE800BAD505 /* Debug */ = {
			isa = XCBuildConfiguration;
			buildSettings = {
				ASSETCATALOG_COMPILER_APPICON_NAME = AppIcon;
				ASSETCATALOG_COMPILER_GLOBAL_ACCENT_COLOR_NAME = AccentColor;
				CODE_SIGN_STYLE = Automatic;
				CURRENT_PROJECT_VERSION = 1;
				GENERATE_INFOPLIST_FILE = YES;
				INFOPLIST_FILE = RealmKakeibo/Info.plist;
				INFOPLIST_KEY_UIApplicationSupportsIndirectInputEvents = YES;
				INFOPLIST_KEY_UILaunchStoryboardName = LaunchScreen;
				INFOPLIST_KEY_UIMainStoryboardFile = Main;
				INFOPLIST_KEY_UISupportedInterfaceOrientations_iPad = "UIInterfaceOrientationPortrait UIInterfaceOrientationPortraitUpsideDown UIInterfaceOrientationLandscapeLeft UIInterfaceOrientationLandscapeRight";
				INFOPLIST_KEY_UISupportedInterfaceOrientations_iPhone = "UIInterfaceOrientationPortrait UIInterfaceOrientationLandscapeLeft UIInterfaceOrientationLandscapeRight";
				LD_RUNPATH_SEARCH_PATHS = (
					"$(inherited)",
					"@executable_path/Frameworks",
				);
				MARKETING_VERSION = 1.0;
				PRODUCT_BUNDLE_IDENTIFIER = app.hasegawa.kipeo.RealmKakeibo;
				PRODUCT_NAME = "$(TARGET_NAME)";
				SWIFT_EMIT_LOC_STRINGS = YES;
				SWIFT_VERSION = 5.0;
				TARGETED_DEVICE_FAMILY = "1,2";
			};
			name = Debug;
		};
		73AFF1892C909EE800BAD505 /* Release */ = {
			isa = XCBuildConfiguration;
			buildSettings = {
				ASSETCATALOG_COMPILER_APPICON_NAME = AppIcon;
				ASSETCATALOG_COMPILER_GLOBAL_ACCENT_COLOR_NAME = AccentColor;
				CODE_SIGN_STYLE = Automatic;
				CURRENT_PROJECT_VERSION = 1;
				GENERATE_INFOPLIST_FILE = YES;
				INFOPLIST_FILE = RealmKakeibo/Info.plist;
				INFOPLIST_KEY_UIApplicationSupportsIndirectInputEvents = YES;
				INFOPLIST_KEY_UILaunchStoryboardName = LaunchScreen;
				INFOPLIST_KEY_UIMainStoryboardFile = Main;
				INFOPLIST_KEY_UISupportedInterfaceOrientations_iPad = "UIInterfaceOrientationPortrait UIInterfaceOrientationPortraitUpsideDown UIInterfaceOrientationLandscapeLeft UIInterfaceOrientationLandscapeRight";
				INFOPLIST_KEY_UISupportedInterfaceOrientations_iPhone = "UIInterfaceOrientationPortrait UIInterfaceOrientationLandscapeLeft UIInterfaceOrientationLandscapeRight";
				LD_RUNPATH_SEARCH_PATHS = (
					"$(inherited)",
					"@executable_path/Frameworks",
				);
				MARKETING_VERSION = 1.0;
				PRODUCT_BUNDLE_IDENTIFIER = app.hasegawa.kipeo.RealmKakeibo;
				PRODUCT_NAME = "$(TARGET_NAME)";
				SWIFT_EMIT_LOC_STRINGS = YES;
				SWIFT_VERSION = 5.0;
				TARGETED_DEVICE_FAMILY = "1,2";
			};
			name = Release;
		};
/* End XCBuildConfiguration section */

/* Begin XCConfigurationList section */
		73AFF16E2C909EE500BAD505 /* Build configuration list for PBXProject "RealmKakeibo" */ = {
			isa = XCConfigurationList;
			buildConfigurations = (
				73AFF1852C909EE800BAD505 /* Debug */,
				73AFF1862C909EE800BAD505 /* Release */,
			);
			defaultConfigurationIsVisible = 0;
			defaultConfigurationName = Release;
		};
		73AFF1872C909EE800BAD505 /* Build configuration list for PBXNativeTarget "RealmKakeibo" */ = {
			isa = XCConfigurationList;
			buildConfigurations = (
				73AFF1882C909EE800BAD505 /* Debug */,
				73AFF1892C909EE800BAD505 /* Release */,
			);
			defaultConfigurationIsVisible = 0;
			defaultConfigurationName = Release;
		};
/* End XCConfigurationList section */

/* Begin XCRemoteSwiftPackageReference section */
		73AFF18A2C90A00200BAD505 /* XCRemoteSwiftPackageReference "realm-swift" */ = {
			isa = XCRemoteSwiftPackageReference;
			repositoryURL = "https://github.com/realm/realm-swift";
			requirement = {
				branch = master;
				kind = branch;
			};
		};
/* End XCRemoteSwiftPackageReference section */

/* Begin XCSwiftPackageProductDependency section */
		73AFF18D2C90A00200BAD505 /* RealmSwift */ = {
			isa = XCSwiftPackageProductDependency;
			package = 73AFF18A2C90A00200BAD505 /* XCRemoteSwiftPackageReference "realm-swift" */;
			productName = RealmSwift;
		};
/* End XCSwiftPackageProductDependency section */
	};
	rootObject = 73AFF16B2C909EE500BAD505 /* Project object */;
}
